schema: '2.0'
stages:
  data_ingestion:
    cmd: python src/data_ingestion.py
    deps:
    - path: src/data_ingestion.py
      hash: md5
      md5: 412f2564593695df710d845560da42c3
      size: 3651
    params:
      params.yaml:
        data_ingestion.test_size: 0.4
    outs:
    - path: data/raw
      hash: md5
      md5: dae6e5dd2a6a74278c45ea73027dae3b.dir
      size: 484846
      nfiles: 2
  data_preprocessing:
    cmd: python src/data_preprocessing.py
    deps:
    - path: data/raw
      hash: md5
      md5: dae6e5dd2a6a74278c45ea73027dae3b.dir
      size: 484846
      nfiles: 2
    - path: src/data_preprocessing.py
      hash: md5
      md5: fa38936f3a1c08188fb1dea45be7cfd9
      size: 3987
    outs:
    - path: data/interim
      hash: md5
      md5: 61ee9bdacf6df4589133481f0e449a09.dir
      size: 263911
      nfiles: 2
  feature_engineering:
    cmd: python src/feature_engineering.py
    deps:
    - path: data/interim
      hash: md5
      md5: 61ee9bdacf6df4589133481f0e449a09.dir
      size: 263911
      nfiles: 2
    - path: src/feature_engineering.py
      hash: md5
      md5: d2cc8c5b6fda780aaded99dae3da3fef
      size: 3912
    params:
      params.yaml:
        feature_engineering.max_features: 60
    outs:
    - path: data/processed
      hash: md5
      md5: 29464b02d8cf58e7733e9f68f2549fd8.dir
      size: 1422867
      nfiles: 2
  model_building:
    cmd: python src/model_building.py
    deps:
    - path: data/processed
      hash: md5
      md5: 29464b02d8cf58e7733e9f68f2549fd8.dir
      size: 1422867
      nfiles: 2
    - path: src/model_building.py
      hash: md5
      md5: 14a57215bcd97a42149364aa12c318c3
      size: 4490
    params:
      params.yaml:
        model_building.n_estimators: 75
        model_building.random_state: 2
    outs:
    - path: models/model.pkl
      hash: md5
      md5: 3fe1c45be0ca12cb2899f3c527e5adf7
      size: 2721710
  model_evaluation:
    cmd: python src/model_evaluation.py
    deps:
    - path: models/model.pkl
      hash: md5
      md5: 3fe1c45be0ca12cb2899f3c527e5adf7
      size: 2721710
    - path: src/model_evaluation.py
      hash: md5
      md5: f7da5f2c3f13f8d64b3f462be55612ae
      size: 4615
    outs:
    - path: reports/metrics.json
      hash: md5
      md5: 96b92e231690ef4be9d4b2cd8759e5f6
      size: 145
